
Microsoft Visual Studio Solution File, Format Version 12.00
# Visual Studio Version 17
VisualStudioVersion = 17.11.35208.52
MinimumVisualStudioVersion = 10.0.40219.1
Project("{FAE04EC0-301F-11D3-BF4B-00C04F79EFBC}") = "2.6", "2.6\2.6.csproj", "{DECF911B-E7C2-4F73-87D0-96619C86A427}"
EndProject
Global
	GlobalSection(SolutionConfigurationPlatforms) = preSolution
		Debug|Any CPU = Debug|Any CPU
		Release|Any CPU = Release|Any CPU
	EndGlobalSection
	GlobalSection(ProjectConfigurationPlatforms) = postSolution
		{DECF911B-E7C2-4F73-87D0-96619C86A427}.Debug|Any CPU.ActiveCfg = Debug|Any CPU
		{DECF911B-E7C2-4F73-87D0-96619C86A427}.Debug|Any CPU.Build.0 = Debug|Any CPU
		{DECF911B-E7C2-4F73-87D0-96619C86A427}.Release|Any CPU.ActiveCfg = Release|Any CPU
		{DECF911B-E7C2-4F73-87D0-96619C86A427}.Release|Any CPU.Build.0 = Release|Any CPU
	EndGlobalSection
	GlobalSection(SolutionProperties) = preSolution
		HideSolutionNode = FALSE
	EndGlobalSection
	GlobalSection(ExtensibilityGlobals) = postSolution
		SolutionGuid = {D14365C6-1A48-42CD-B897-90770383B6AC}
	EndGlobalSection
EndGlobal
