
Microsoft Visual Studio Solution File, Format Version 12.00
# Visual Studio Version 17
VisualStudioVersion = 17.11.35208.52
MinimumVisualStudioVersion = 10.0.40219.1
Project("{FAE04EC0-301F-11D3-BF4B-00C04F79EFBC}") = "2.4", "2.4\2.4.csproj", "{D783B18D-60B9-456D-A4A7-DD825CCDF306}"
EndProject
Global
	GlobalSection(SolutionConfigurationPlatforms) = preSolution
		Debug|Any CPU = Debug|Any CPU
		Release|Any CPU = Release|Any CPU
	EndGlobalSection
	GlobalSection(ProjectConfigurationPlatforms) = postSolution
		{D783B18D-60B9-456D-A4A7-DD825CCDF306}.Debug|Any CPU.ActiveCfg = Debug|Any CPU
		{D783B18D-60B9-456D-A4A7-DD825CCDF306}.Debug|Any CPU.Build.0 = Debug|Any CPU
		{D783B18D-60B9-456D-A4A7-DD825CCDF306}.Release|Any CPU.ActiveCfg = Release|Any CPU
		{D783B18D-60B9-456D-A4A7-DD825CCDF306}.Release|Any CPU.Build.0 = Release|Any CPU
	EndGlobalSection
	GlobalSection(SolutionProperties) = preSolution
		HideSolutionNode = FALSE
	EndGlobalSection
	GlobalSection(ExtensibilityGlobals) = postSolution
		SolutionGuid = {593F86C1-5DB3-4243-BB27-C70E5A541D6F}
	EndGlobalSection
EndGlobal
